// !$*UTF8*$!
{
	archiveVersion = 1;
	classes = {
	};
	objectVersion = 56;
	objects = {

/* Begin PBXBuildFile section */
		0530BDF72B715D3B008D4E39 /* ScrumsView.swift in Sources */ = {isa = PBXBuildFile; fileRef = 0530BDF62B715D3B008D4E39 /* ScrumsView.swift */; };
		05A9CF7A2B6D8689007161AB /* ScrumdingerApp.swift in Sources */ = {isa = PBXBuildFile; fileRef = 05A9CF792B6D8689007161AB /* ScrumdingerApp.swift */; };
		05A9CF7C2B6D8689007161AB /* MeetingView.swift in Sources */ = {isa = PBXBuildFile; fileRef = 05A9CF7B2B6D8689007161AB /* MeetingView.swift */; };
		05A9CF7E2B6D868B007161AB /* Assets.xcassets in Resources */ = {isa = PBXBuildFile; fileRef = 05A9CF7D2B6D868B007161AB /* Assets.xcassets */; };
		05A9CF812B6D868B007161AB /* Preview Assets.xcassets in Resources */ = {isa = PBXBuildFile; fileRef = 05A9CF802B6D868B007161AB /* Preview Assets.xcassets */; };
		05A9CF8B2B6D868C007161AB /* ScrumdingerTests.swift in Sources */ = {isa = PBXBuildFile; fileRef = 05A9CF8A2B6D868C007161AB /* ScrumdingerTests.swift */; };
		05A9CF952B6D868C007161AB /* ScrumdingerUITests.swift in Sources */ = {isa = PBXBuildFile; fileRef = 05A9CF942B6D868C007161AB /* ScrumdingerUITests.swift */; };
		05A9CF972B6D868C007161AB /* ScrumdingerUITestsLaunchTests.swift in Sources */ = {isa = PBXBuildFile; fileRef = 05A9CF962B6D868C007161AB /* ScrumdingerUITestsLaunchTests.swift */; };
		05A9CFA52B6DD980007161AB /* Themes.swift in Sources */ = {isa = PBXBuildFile; fileRef = 05A9CFA42B6DD980007161AB /* Themes.swift */; };
		05A9CFA72B6DDB42007161AB /* DailyScrum.swift in Sources */ = {isa = PBXBuildFile; fileRef = 05A9CFA62B6DDB42007161AB /* DailyScrum.swift */; };
		05A9CFA92B6E9AAC007161AB /* CardView.swift in Sources */ = {isa = PBXBuildFile; fileRef = 05A9CFA82B6E9AAC007161AB /* CardView.swift */; };
		05A9CFAB2B6EBADC007161AB /* TrailingIcon.swift in Sources */ = {isa = PBXBuildFile; fileRef = 05A9CFAA2B6EBADC007161AB /* TrailingIcon.swift */; };
		F3CA5FDC2B784A2C00D90EC8 /* DetailView.swift in Sources */ = {isa = PBXBuildFile; fileRef = F3CA5FDB2B784A2C00D90EC8 /* DetailView.swift */; };
/* End PBXBuildFile section */

/* Begin PBXContainerItemProxy section */
		05A9CF872B6D868C007161AB /* PBXContainerItemProxy */ = {
			isa = PBXContainerItemProxy;
			containerPortal = 05A9CF6E2B6D8689007161AB /* Project object */;
			proxyType = 1;
			remoteGlobalIDString = 05A9CF752B6D8689007161AB;
			remoteInfo = Scrumdinger;
		};
		05A9CF912B6D868C007161AB /* PBXContainerItemProxy */ = {
			isa = PBXContainerItemProxy;
			containerPortal = 05A9CF6E2B6D8689007161AB /* Project object */;
			proxyType = 1;
			remoteGlobalIDString = 05A9CF752B6D8689007161AB;
			remoteInfo = Scrumdinger;
		};
/* End PBXContainerItemProxy section */

/* Begin PBXFileReference section */
		0530BDF62B715D3B008D4E39 /* ScrumsView.swift */ = {isa = PBXFileReference; lastKnownFileType = sourcecode.swift; path = ScrumsView.swift; sourceTree = "<group>"; };
		05A9CF762B6D8689007161AB /* Scrumdinger.app */ = {isa = PBXFileReference; explicitFileType = wrapper.application; includeInIndex = 0; path = Scrumdinger.app; sourceTree = BUILT_PRODUCTS_DIR; };
		05A9CF792B6D8689007161AB /* ScrumdingerApp.swift */ = {isa = PBXFileReference; lastKnownFileType = sourcecode.swift; path = ScrumdingerApp.swift; sourceTree = "<group>"; };
		05A9CF7B2B6D8689007161AB /* MeetingView.swift */ = {isa = PBXFileReference; lastKnownFileType = sourcecode.swift; path = MeetingView.swift; sourceTree = "<group>"; };
		05A9CF7D2B6D868B007161AB /* Assets.xcassets */ = {isa = PBXFileReference; lastKnownFileType = folder.assetcatalog; path = Assets.xcassets; sourceTree = "<group>"; };
		05A9CF802B6D868B007161AB /* Preview Assets.xcassets */ = {isa = PBXFileReference; lastKnownFileType = folder.assetcatalog; path = "Preview Assets.xcassets"; sourceTree = "<group>"; };
		05A9CF862B6D868C007161AB /* ScrumdingerTests.xctest */ = {isa = PBXFileReference; explicitFileType = wrapper.cfbundle; includeInIndex = 0; path = ScrumdingerTests.xctest; sourceTree = BUILT_PRODUCTS_DIR; };
		05A9CF8A2B6D868C007161AB /* ScrumdingerTests.swift */ = {isa = PBXFileReference; lastKnownFileType = sourcecode.swift; path = ScrumdingerTests.swift; sourceTree = "<group>"; };
		05A9CF902B6D868C007161AB /* ScrumdingerUITests.xctest */ = {isa = PBXFileReference; explicitFileType = wrapper.cfbundle; includeInIndex = 0; path = ScrumdingerUITests.xctest; sourceTree = BUILT_PRODUCTS_DIR; };
		05A9CF942B6D868C007161AB /* ScrumdingerUITests.swift */ = {isa = PBXFileReference; lastKnownFileType = sourcecode.swift; path = ScrumdingerUITests.swift; sourceTree = "<group>"; };
		05A9CF962B6D868C007161AB /* ScrumdingerUITestsLaunchTests.swift */ = {isa = PBXFileReference; lastKnownFileType = sourcecode.swift; path = ScrumdingerUITestsLaunchTests.swift; sourceTree = "<group>"; };
		05A9CFA42B6DD980007161AB /* Themes.swift */ = {isa = PBXFileReference; lastKnownFileType = sourcecode.swift; path = Themes.swift; sourceTree = "<group>"; };
		05A9CFA62B6DDB42007161AB /* DailyScrum.swift */ = {isa = PBXFileReference; lastKnownFileType = sourcecode.swift; path = DailyScrum.swift; sourceTree = "<group>"; };
		05A9CFA82B6E9AAC007161AB /* CardView.swift */ = {isa = PBXFileReference; lastKnownFileType = sourcecode.swift; path = CardView.swift; sourceTree = "<group>"; };
		05A9CFAA2B6EBADC007161AB /* TrailingIcon.swift */ = {isa = PBXFileReference; lastKnownFileType = sourcecode.swift; path = TrailingIcon.swift; sourceTree = "<group>"; };
		F3CA5FDB2B784A2C00D90EC8 /* DetailView.swift */ = {isa = PBXFileReference; lastKnownFileType = sourcecode.swift; path = DetailView.swift; sourceTree = "<group>"; };
/* End PBXFileReference section */

/* Begin PBXFrameworksBuildPhase section */
		05A9CF732B6D8689007161AB /* Frameworks */ = {
			isa = PBXFrameworksBuildPhase;
			buildActionMask = 2147483647;
			files = (
			);
			runOnlyForDeploymentPostprocessing = 0;
		};
		05A9CF832B6D868C007161AB /* Frameworks */ = {
			isa = PBXFrameworksBuildPhase;
			buildActionMask = 2147483647;
			files = (
			);
			runOnlyForDeploymentPostprocessing = 0;
		};
		05A9CF8D2B6D868C007161AB /* Frameworks */ = {
			isa = PBXFrameworksBuildPhase;
			buildActionMask = 2147483647;
			files = (
			);
			runOnlyForDeploymentPostprocessing = 0;
		};
/* End PBXFrameworksBuildPhase section */

/* Begin PBXGroup section */
		05A9CF6D2B6D8689007161AB = {
			isa = PBXGroup;
			children = (
				05A9CF782B6D8689007161AB /* Scrumdinger */,
				05A9CF892B6D868C007161AB /* ScrumdingerTests */,
				05A9CF932B6D868C007161AB /* ScrumdingerUITests */,
				05A9CF772B6D8689007161AB /* Products */,
			);
			sourceTree = "<group>";
		};
		05A9CF772B6D8689007161AB /* Products */ = {
			isa = PBXGroup;
			children = (
				05A9CF762B6D8689007161AB /* Scrumdinger.app */,
				05A9CF862B6D868C007161AB /* ScrumdingerTests.xctest */,
				05A9CF902B6D868C007161AB /* ScrumdingerUITests.xctest */,
			);
			name = Products;
			sourceTree = "<group>";
		};
		05A9CF782B6D8689007161AB /* Scrumdinger */ = {
			isa = PBXGroup;
			children = (
				05A9CFA32B6DD95A007161AB /* Models */,
				05A9CF792B6D8689007161AB /* ScrumdingerApp.swift */,
				05A9CF7B2B6D8689007161AB /* MeetingView.swift */,
				05A9CF7D2B6D868B007161AB /* Assets.xcassets */,
				05A9CF7F2B6D868B007161AB /* Preview Content */,
				05A9CFA82B6E9AAC007161AB /* CardView.swift */,
				05A9CFAA2B6EBADC007161AB /* TrailingIcon.swift */,
				0530BDF62B715D3B008D4E39 /* ScrumsView.swift */,
				F3CA5FDB2B784A2C00D90EC8 /* DetailView.swift */,
			);
			path = Scrumdinger;
			sourceTree = "<group>";
		};
		05A9CF7F2B6D868B007161AB /* Preview Content */ = {
			isa = PBXGroup;
			children = (
				05A9CF802B6D868B007161AB /* Preview Assets.xcassets */,
			);
			path = "Preview Content";
			sourceTree = "<group>";
		};
		05A9CF892B6D868C007161AB /* ScrumdingerTests */ = {
			isa = PBXGroup;
			children = (
				05A9CF8A2B6D868C007161AB /* ScrumdingerTests.swift */,
			);
			path = ScrumdingerTests;
			sourceTree = "<group>";
		};
		05A9CF932B6D868C007161AB /* ScrumdingerUITests */ = {
			isa = PBXGroup;
			children = (
				05A9CF942B6D868C007161AB /* ScrumdingerUITests.swift */,
				05A9CF962B6D868C007161AB /* ScrumdingerUITestsLaunchTests.swift */,
			);
			path = ScrumdingerUITests;
			sourceTree = "<group>";
		};
		05A9CFA32B6DD95A007161AB /* Models */ = {
			isa = PBXGroup;
			children = (
				05A9CFA42B6DD980007161AB /* Themes.swift */,
				05A9CFA62B6DDB42007161AB /* DailyScrum.swift */,
			);
			path = Models;
			sourceTree = "<group>";
		};
/* End PBXGroup section */

/* Begin PBXNativeTarget section */
		05A9CF752B6D8689007161AB /* Scrumdinger */ = {
			isa = PBXNativeTarget;
			buildConfigurationList = 05A9CF9A2B6D868C007161AB /* Build configuration list for PBXNativeTarget "Scrumdinger" */;
			buildPhases = (
				05A9CF722B6D8689007161AB /* Sources */,
				05A9CF732B6D8689007161AB /* Frameworks */,
				05A9CF742B6D8689007161AB /* Resources */,
			);
			buildRules = (
			);
			dependencies = (
			);
			name = Scrumdinger;
			productName = Scrumdinger;
			productReference = 05A9CF762B6D8689007161AB /* Scrumdinger.app */;
			productType = "com.apple.product-type.application";
		};
		05A9CF852B6D868C007161AB /* ScrumdingerTests */ = {
			isa = PBXNativeTarget;
			buildConfigurationList = 05A9CF9D2B6D868C007161AB /* Build configuration list for PBXNativeTarget "ScrumdingerTests" */;
			buildPhases = (
				05A9CF822B6D868C007161AB /* Sources */,
				05A9CF832B6D868C007161AB /* Frameworks */,
				05A9CF842B6D868C007161AB /* Resources */,
			);
			buildRules = (
			);
			dependencies = (
				05A9CF882B6D868C007161AB /* PBXTargetDependency */,
			);
			name = ScrumdingerTests;
			productName = ScrumdingerTests;
			productReference = 05A9CF862B6D868C007161AB /* ScrumdingerTests.xctest */;
			productType = "com.apple.product-type.bundle.unit-test";
		};
		05A9CF8F2B6D868C007161AB /* ScrumdingerUITests */ = {
			isa = PBXNativeTarget;
			buildConfigurationList = 05A9CFA02B6D868C007161AB /* Build configuration list for PBXNativeTarget "ScrumdingerUITests" */;
			buildPhases = (
				05A9CF8C2B6D868C007161AB /* Sources */,
				05A9CF8D2B6D868C007161AB /* Frameworks */,
				05A9CF8E2B6D868C007161AB /* Resources */,
			);
			buildRules = (
			);
			dependencies = (
				05A9CF922B6D868C007161AB /* PBXTargetDependency */,
			);
			name = ScrumdingerUITests;
			productName = ScrumdingerUITests;
			productReference = 05A9CF902B6D868C007161AB /* ScrumdingerUITests.xctest */;
			productType = "com.apple.product-type.bundle.ui-testing";
		};
/* End PBXNativeTarget section */

/* Begin PBXProject section */
		05A9CF6E2B6D8689007161AB /* Project object */ = {
			isa = PBXProject;
			attributes = {
				BuildIndependentTargetsInParallel = 1;
				LastSwiftUpdateCheck = 1520;
				LastUpgradeCheck = 1520;
				TargetAttributes = {
					05A9CF752B6D8689007161AB = {
						CreatedOnToolsVersion = 15.2;
					};
					05A9CF852B6D868C007161AB = {
						CreatedOnToolsVersion = 15.2;
						TestTargetID = 05A9CF752B6D8689007161AB;
					};
					05A9CF8F2B6D868C007161AB = {
						CreatedOnToolsVersion = 15.2;
						TestTargetID = 05A9CF752B6D8689007161AB;
					};
				};
			};
			buildConfigurationList = 05A9CF712B6D8689007161AB /* Build configuration list for PBXProject "Scrumdinger" */;
			compatibilityVersion = "Xcode 14.0";
			developmentRegion = en;
			hasScannedForEncodings = 0;
			knownRegions = (
				en,
				Base,
			);
			mainGroup = 05A9CF6D2B6D8689007161AB;
			productRefGroup = 05A9CF772B6D8689007161AB /* Products */;
			projectDirPath = "";
			projectRoot = "";
			targets = (
				05A9CF752B6D8689007161AB /* Scrumdinger */,
				05A9CF852B6D868C007161AB /* ScrumdingerTests */,
				05A9CF8F2B6D868C007161AB /* ScrumdingerUITests */,
			);
		};
/* End PBXProject section */

/* Begin PBXResourcesBuildPhase section */
		05A9CF742B6D8689007161AB /* Resources */ = {
			isa = PBXResourcesBuildPhase;
			buildActionMask = 2147483647;
			files = (
				05A9CF812B6D868B007161AB /* Preview Assets.xcassets in Resources */,
				05A9CF7E2B6D868B007161AB /* Assets.xcassets in Resources */,
			);
			runOnlyForDeploymentPostprocessing = 0;
		};
		05A9CF842B6D868C007161AB /* Resources */ = {
			isa = PBXResourcesBuildPhase;
			buildActionMask = 2147483647;
			files = (
			);
			runOnlyForDeploymentPostprocessing = 0;
		};
		05A9CF8E2B6D868C007161AB /* Resources */ = {
			isa = PBXResourcesBuildPhase;
			buildActionMask = 2147483647;
			files = (
			);
			runOnlyForDeploymentPostprocessing = 0;
		};
/* End PBXResourcesBuildPhase section */

/* Begin PBXSourcesBuildPhase section */
		05A9CF722B6D8689007161AB /* Sources */ = {
			isa = PBXSourcesBuildPhase;
			buildActionMask = 2147483647;
			files = (
				05A9CFA72B6DDB42007161AB /* DailyScrum.swift in Sources */,
				F3CA5FDC2B784A2C00D90EC8 /* DetailView.swift in Sources */,
				05A9CF7C2B6D8689007161AB /* MeetingView.swift in Sources */,
				05A9CFA52B6DD980007161AB /* Themes.swift in Sources */,
				0530BDF72B715D3B008D4E39 /* ScrumsView.swift in Sources */,
				05A9CF7A2B6D8689007161AB /* ScrumdingerApp.swift in Sources */,
				05A9CFAB2B6EBADC007161AB /* TrailingIcon.swift in Sources */,
				05A9CFA92B6E9AAC007161AB /* CardView.swift in Sources */,
			);
			runOnlyForDeploymentPostprocessing = 0;
		};
		05A9CF822B6D868C007161AB /* Sources */ = {
			isa = PBXSourcesBuildPhase;
			buildActionMask = 2147483647;
			files = (
				05A9CF8B2B6D868C007161AB /* ScrumdingerTests.swift in Sources */,
			);
			runOnlyForDeploymentPostprocessing = 0;
		};
		05A9CF8C2B6D868C007161AB /* Sources */ = {
			isa = PBXSourcesBuildPhase;
			buildActionMask = 2147483647;
			files = (
				05A9CF972B6D868C007161AB /* ScrumdingerUITestsLaunchTests.swift in Sources */,
				05A9CF952B6D868C007161AB /* ScrumdingerUITests.swift in Sources */,
			);
			runOnlyForDeploymentPostprocessing = 0;
		};
/* End PBXSourcesBuildPhase section */

/* Begin PBXTargetDependency section */
		05A9CF882B6D868C007161AB /* PBXTargetDependency */ = {
			isa = PBXTargetDependency;
			target = 05A9CF752B6D8689007161AB /* Scrumdinger */;
			targetProxy = 05A9CF872B6D868C007161AB /* PBXContainerItemProxy */;
		};
		05A9CF922B6D868C007161AB /* PBXTargetDependency */ = {
			isa = PBXTargetDependency;
			target = 05A9CF752B6D8689007161AB /* Scrumdinger */;
			targetProxy = 05A9CF912B6D868C007161AB /* PBXContainerItemProxy */;
		};
/* End PBXTargetDependency section */

/* Begin XCBuildConfiguration section */
		05A9CF982B6D868C007161AB /* Debug */ = {
			isa = XCBuildConfiguration;
			buildSettings = {
				ALWAYS_SEARCH_USER_PATHS = NO;
				ASSETCATALOG_COMPILER_GENERATE_SWIFT_ASSET_SYMBOL_EXTENSIONS = YES;
				CLANG_ANALYZER_NONNULL = YES;
				CLANG_ANALYZER_NUMBER_OBJECT_CONVERSION = YES_AGGRESSIVE;
				CLANG_CXX_LANGUAGE_STANDARD = "gnu++20";
				CLANG_ENABLE_MODULES = YES;
				CLANG_ENABLE_OBJC_ARC = YES;
				CLANG_ENABLE_OBJC_WEAK = YES;
				CLANG_WARN_BLOCK_CAPTURE_AUTORELEASING = YES;
				CLANG_WARN_BOOL_CONVERSION = YES;
				CLANG_WARN_COMMA = YES;
				CLANG_WARN_CONSTANT_CONVERSION = YES;
				CLANG_WARN_DEPRECATED_OBJC_IMPLEMENTATIONS = YES;
				CLANG_WARN_DIRECT_OBJC_ISA_USAGE = YES_ERROR;
				CLANG_WARN_DOCUMENTATION_COMMENTS = YES;
				CLANG_WARN_EMPTY_BODY = YES;
				CLANG_WARN_ENUM_CONVERSION = YES;
				CLANG_WARN_INFINITE_RECURSION = YES;
				CLANG_WARN_INT_CONVERSION = YES;
				CLANG_WARN_NON_LITERAL_NULL_CONVERSION = YES;
				CLANG_WARN_OBJC_IMPLICIT_RETAIN_SELF = YES;
				CLANG_WARN_OBJC_LITERAL_CONVERSION = YES;
				CLANG_WARN_OBJC_ROOT_CLASS = YES_ERROR;
				CLANG_WARN_QUOTED_INCLUDE_IN_FRAMEWORK_HEADER = YES;
				CLANG_WARN_RANGE_LOOP_ANALYSIS = YES;
				CLANG_WARN_STRICT_PROTOTYPES = YES;
				CLANG_WARN_SUSPICIOUS_MOVE = YES;
				CLANG_WARN_UNGUARDED_AVAILABILITY = YES_AGGRESSIVE;
				CLANG_WARN_UNREACHABLE_CODE = YES;
				CLANG_WARN__DUPLICATE_METHOD_MATCH = YES;
				COPY_PHASE_STRIP = NO;
				DEBUG_INFORMATION_FORMAT = dwarf;
				ENABLE_STRICT_OBJC_MSGSEND = YES;
				ENABLE_TESTABILITY = YES;
				ENABLE_USER_SCRIPT_SANDBOXING = YES;
				GCC_C_LANGUAGE_STANDARD = gnu17;
				GCC_DYNAMIC_NO_PIC = NO;
				GCC_NO_COMMON_BLOCKS = YES;
				GCC_OPTIMIZATION_LEVEL = 0;
				GCC_PREPROCESSOR_DEFINITIONS = (
					"DEBUG=1",
					"$(inherited)",
				);
				GCC_WARN_64_TO_32_BIT_CONVERSION = YES;
				GCC_WARN_ABOUT_RETURN_TYPE = YES_ERROR;
				GCC_WARN_UNDECLARED_SELECTOR = YES;
				GCC_WARN_UNINITIALIZED_AUTOS = YES_AGGRESSIVE;
				GCC_WARN_UNUSED_FUNCTION = YES;
				GCC_WARN_UNUSED_VARIABLE = YES;
				IPHONEOS_DEPLOYMENT_TARGET = 17.2;
				LOCALIZATION_PREFERS_STRING_CATALOGS = YES;
				MTL_ENABLE_DEBUG_INFO = INCLUDE_SOURCE;
				MTL_FAST_MATH = YES;
				ONLY_ACTIVE_ARCH = YES;
				SDKROOT = iphoneos;
				SWIFT_ACTIVE_COMPILATION_CONDITIONS = "DEBUG $(inherited)";
				SWIFT_OPTIMIZATION_LEVEL = "-Onone";
			};
			name = Debug;
		};
		05A9CF992B6D868C007161AB /* Release */ = {
			isa = XCBuildConfiguration;
			buildSettings = {
				ALWAYS_SEARCH_USER_PATHS = NO;
				ASSETCATALOG_COMPILER_GENERATE_SWIFT_ASSET_SYMBOL_EXTENSIONS = YES;
				CLANG_ANALYZER_NONNULL = YES;
				CLANG_ANALYZER_NUMBER_OBJECT_CONVERSION = YES_AGGRESSIVE;
				CLANG_CXX_LANGUAGE_STANDARD = "gnu++20";
				CLANG_ENABLE_MODULES = YES;
				CLANG_ENABLE_OBJC_ARC = YES;
				CLANG_ENABLE_OBJC_WEAK = YES;
				CLANG_WARN_BLOCK_CAPTURE_AUTORELEASING = YES;
				CLANG_WARN_BOOL_CONVERSION = YES;
				CLANG_WARN_COMMA = YES;
				CLANG_WARN_CONSTANT_CONVERSION = YES;
				CLANG_WARN_DEPRECATED_OBJC_IMPLEMENTATIONS = YES;
				CLANG_WARN_DIRECT_OBJC_ISA_USAGE = YES_ERROR;
				CLANG_WARN_DOCUMENTATION_COMMENTS = YES;
				CLANG_WARN_EMPTY_BODY = YES;
				CLANG_WARN_ENUM_CONVERSION = YES;
				CLANG_WARN_INFINITE_RECURSION = YES;
				CLANG_WARN_INT_CONVERSION = YES;
				CLANG_WARN_NON_LITERAL_NULL_CONVERSION = YES;
				CLANG_WARN_OBJC_IMPLICIT_RETAIN_SELF = YES;
				CLANG_WARN_OBJC_LITERAL_CONVERSION = YES;
				CLANG_WARN_OBJC_ROOT_CLASS = YES_ERROR;
				CLANG_WARN_QUOTED_INCLUDE_IN_FRAMEWORK_HEADER = YES;
				CLANG_WARN_RANGE_LOOP_ANALYSIS = YES;
				CLANG_WARN_STRICT_PROTOTYPES = YES;
				CLANG_WARN_SUSPICIOUS_MOVE = YES;
				CLANG_WARN_UNGUARDED_AVAILABILITY = YES_AGGRESSIVE;
				CLANG_WARN_UNREACHABLE_CODE = YES;
				CLANG_WARN__DUPLICATE_METHOD_MATCH = YES;
				COPY_PHASE_STRIP = NO;
				DEBUG_INFORMATION_FORMAT = "dwarf-with-dsym";
				ENABLE_NS_ASSERTIONS = NO;
				ENABLE_STRICT_OBJC_MSGSEND = YES;
				ENABLE_USER_SCRIPT_SANDBOXING = YES;
				GCC_C_LANGUAGE_STANDARD = gnu17;
				GCC_NO_COMMON_BLOCKS = YES;
				GCC_WARN_64_TO_32_BIT_CONVERSION = YES;
				GCC_WARN_ABOUT_RETURN_TYPE = YES_ERROR;
				GCC_WARN_UNDECLARED_SELECTOR = YES;
				GCC_WARN_UNINITIALIZED_AUTOS = YES_AGGRESSIVE;
				GCC_WARN_UNUSED_FUNCTION = YES;
				GCC_WARN_UNUSED_VARIABLE = YES;
				IPHONEOS_DEPLOYMENT_TARGET = 17.2;
				LOCALIZATION_PREFERS_STRING_CATALOGS = YES;
				MTL_ENABLE_DEBUG_INFO = NO;
				MTL_FAST_MATH = YES;
				SDKROOT = iphoneos;
				SWIFT_COMPILATION_MODE = wholemodule;
				VALIDATE_PRODUCT = YES;
			};
			name = Release;
		};
		05A9CF9B2B6D868C007161AB /* Debug */ = {
			isa = XCBuildConfiguration;
			buildSettings = {
				ASSETCATALOG_COMPILER_APPICON_NAME = AppIcon;
				ASSETCATALOG_COMPILER_GLOBAL_ACCENT_COLOR_NAME = AccentColor;
				CODE_SIGN_STYLE = Automatic;
				CURRENT_PROJECT_VERSION = 1;
				DEVELOPMENT_ASSET_PATHS = "\"Scrumdinger/Preview Content\"";
				DEVELOPMENT_TEAM = X5SH7997J5;
				ENABLE_PREVIEWS = YES;
				GENERATE_INFOPLIST_FILE = YES;
				INFOPLIST_KEY_UIApplicationSceneManifest_Generation = YES;
				INFOPLIST_KEY_UIApplicationSupportsIndirectInputEvents = YES;
				INFOPLIST_KEY_UILaunchScreen_Generation = YES;
				INFOPLIST_KEY_UISupportedInterfaceOrientations_iPad = "UIInterfaceOrientationPortrait UIInterfaceOrientationPortraitUpsideDown UIInterfaceOrientationLandscapeLeft UIInterfaceOrientationLandscapeRight";
				INFOPLIST_KEY_UISupportedInterfaceOrientations_iPhone = "UIInterfaceOrientationPortrait UIInterfaceOrientationLandscapeLeft UIInterfaceOrientationLandscapeRight";
				LD_RUNPATH_SEARCH_PATHS = (
					"$(inherited)",
					"@executable_path/Frameworks",
				);
				MARKETING_VERSION = 1.0;
				PRODUCT_BUNDLE_IDENTIFIER = com.hxadev.Scrumdinger;
				PRODUCT_NAME = "$(TARGET_NAME)";
				SWIFT_EMIT_LOC_STRINGS = YES;
				SWIFT_VERSION = 5.0;
				TARGETED_DEVICE_FAMILY = "1,2";
			};
			name = Debug;
		};
		05A9CF9C2B6D868C007161AB /* Release */ = {
			isa = XCBuildConfiguration;
			buildSettings = {
				ASSETCATALOG_COMPILER_APPICON_NAME = AppIcon;
				ASSETCATALOG_COMPILER_GLOBAL_ACCENT_COLOR_NAME = AccentColor;
				CODE_SIGN_STYLE = Automatic;
				CURRENT_PROJECT_VERSION = 1;
				DEVELOPMENT_ASSET_PATHS = "\"Scrumdinger/Preview Content\"";
				DEVELOPMENT_TEAM = X5SH7997J5;
				ENABLE_PREVIEWS = YES;
				GENERATE_INFOPLIST_FILE = YES;
				INFOPLIST_KEY_UIApplicationSceneManifest_Generation = YES;
				INFOPLIST_KEY_UIApplicationSupportsIndirectInputEvents = YES;
				INFOPLIST_KEY_UILaunchScreen_Generation = YES;
				INFOPLIST_KEY_UISupportedInterfaceOrientations_iPad = "UIInterfaceOrientationPortrait UIInterfaceOrientationPortraitUpsideDown UIInterfaceOrientationLandscapeLeft UIInterfaceOrientationLandscapeRight";
				INFOPLIST_KEY_UISupportedInterfaceOrientations_iPhone = "UIInterfaceOrientationPortrait UIInterfaceOrientationLandscapeLeft UIInterfaceOrientationLandscapeRight";
				LD_RUNPATH_SEARCH_PATHS = (
					"$(inherited)",
					"@executable_path/Frameworks",
				);
				MARKETING_VERSION = 1.0;
				PRODUCT_BUNDLE_IDENTIFIER = com.hxadev.Scrumdinger;
				PRODUCT_NAME = "$(TARGET_NAME)";
				SWIFT_EMIT_LOC_STRINGS = YES;
				SWIFT_VERSION = 5.0;
				TARGETED_DEVICE_FAMILY = "1,2";
			};
			name = Release;
		};
		05A9CF9E2B6D868C007161AB /* Debug */ = {
			isa = XCBuildConfiguration;
			buildSettings = {
				ALWAYS_EMBED_SWIFT_STANDARD_LIBRARIES = YES;
				BUNDLE_LOADER = "$(TEST_HOST)";
				CODE_SIGN_STYLE = Automatic;
				CURRENT_PROJECT_VERSION = 1;
				DEVELOPMENT_TEAM = X5SH7997J5;
				GENERATE_INFOPLIST_FILE = YES;
				IPHONEOS_DEPLOYMENT_TARGET = 17.2;
				MARKETING_VERSION = 1.0;
				PRODUCT_BUNDLE_IDENTIFIER = com.hxadev.ScrumdingerTests;
				PRODUCT_NAME = "$(TARGET_NAME)";
				SWIFT_EMIT_LOC_STRINGS = NO;
				SWIFT_VERSION = 5.0;
				TARGETED_DEVICE_FAMILY = "1,2";
				TEST_HOST = "$(BUILT_PRODUCTS_DIR)/Scrumdinger.app/$(BUNDLE_EXECUTABLE_FOLDER_PATH)/Scrumdinger";
			};
			name = Debug;
		};
		05A9CF9F2B6D868C007161AB /* Release */ = {
			isa = XCBuildConfiguration;
			buildSettings = {
				ALWAYS_EMBED_SWIFT_STANDARD_LIBRARIES = YES;
				BUNDLE_LOADER = "$(TEST_HOST)";
				CODE_SIGN_STYLE = Automatic;
				CURRENT_PROJECT_VERSION = 1;
				DEVELOPMENT_TEAM = X5SH7997J5;
				GENERATE_INFOPLIST_FILE = YES;
				IPHONEOS_DEPLOYMENT_TARGET = 17.2;
				MARKETING_VERSION = 1.0;
				PRODUCT_BUNDLE_IDENTIFIER = com.hxadev.ScrumdingerTests;
				PRODUCT_NAME = "$(TARGET_NAME)";
				SWIFT_EMIT_LOC_STRINGS = NO;
				SWIFT_VERSION = 5.0;
				TARGETED_DEVICE_FAMILY = "1,2";
				TEST_HOST = "$(BUILT_PRODUCTS_DIR)/Scrumdinger.app/$(BUNDLE_EXECUTABLE_FOLDER_PATH)/Scrumdinger";
			};
			name = Release;
		};
		05A9CFA12B6D868C007161AB /* Debug */ = {
			isa = XCBuildConfiguration;
			buildSettings = {
				ALWAYS_EMBED_SWIFT_STANDARD_LIBRARIES = YES;
				CODE_SIGN_STYLE = Automatic;
				CURRENT_PROJECT_VERSION = 1;
				DEVELOPMENT_TEAM = X5SH7997J5;
				GENERATE_INFOPLIST_FILE = YES;
				MARKETING_VERSION = 1.0;
				PRODUCT_BUNDLE_IDENTIFIER = com.hxadev.ScrumdingerUITests;
				PRODUCT_NAME = "$(TARGET_NAME)";
				SWIFT_EMIT_LOC_STRINGS = NO;
				SWIFT_VERSION = 5.0;
				TARGETED_DEVICE_FAMILY = "1,2";
				TEST_TARGET_NAME = Scrumdinger;
			};
			name = Debug;
		};
		05A9CFA22B6D868C007161AB /* Release */ = {
			isa = XCBuildConfiguration;
			buildSettings = {
				ALWAYS_EMBED_SWIFT_STANDARD_LIBRARIES = YES;
				CODE_SIGN_STYLE = Automatic;
				CURRENT_PROJECT_VERSION = 1;
				DEVELOPMENT_TEAM = X5SH7997J5;
				GENERATE_INFOPLIST_FILE = YES;
				MARKETING_VERSION = 1.0;
				PRODUCT_BUNDLE_IDENTIFIER = com.hxadev.ScrumdingerUITests;
				PRODUCT_NAME = "$(TARGET_NAME)";
				SWIFT_EMIT_LOC_STRINGS = NO;
				SWIFT_VERSION = 5.0;
				TARGETED_DEVICE_FAMILY = "1,2";
				TEST_TARGET_NAME = Scrumdinger;
			};
			name = Release;
		};
/* End XCBuildConfiguration section */

/* Begin XCConfigurationList section */
		05A9CF712B6D8689007161AB /* Build configuration list for PBXProject "Scrumdinger" */ = {
			isa = XCConfigurationList;
			buildConfigurations = (
				05A9CF982B6D868C007161AB /* Debug */,
				05A9CF992B6D868C007161AB /* Release */,
			);
			defaultConfigurationIsVisible = 0;
			defaultConfigurationName = Release;
		};
		05A9CF9A2B6D868C007161AB /* Build configuration list for PBXNativeTarget "Scrumdinger" */ = {
			isa = XCConfigurationList;
			buildConfigurations = (
				05A9CF9B2B6D868C007161AB /* Debug */,
				05A9CF9C2B6D868C007161AB /* Release */,
			);
			defaultConfigurationIsVisible = 0;
			defaultConfigurationName = Release;
		};
		05A9CF9D2B6D868C007161AB /* Build configuration list for PBXNativeTarget "ScrumdingerTests" */ = {
			isa = XCConfigurationList;
			buildConfigurations = (
				05A9CF9E2B6D868C007161AB /* Debug */,
				05A9CF9F2B6D868C007161AB /* Release */,
			);
			defaultConfigurationIsVisible = 0;
			defaultConfigurationName = Release;
		};
		05A9CFA02B6D868C007161AB /* Build configuration list for PBXNativeTarget "ScrumdingerUITests" */ = {
			isa = XCConfigurationList;
			buildConfigurations = (
				05A9CFA12B6D868C007161AB /* Debug */,
				05A9CFA22B6D868C007161AB /* Release */,
			);
			defaultConfigurationIsVisible = 0;
			defaultConfigurationName = Release;
		};
/* End XCConfigurationList section */
	};
	rootObject = 05A9CF6E2B6D8689007161AB /* Project object */;
}
